// !$*UTF8*$!
{
	archiveVersion = 1;
	classes = {
	};
	objectVersion = 55;
	objects = {

/* Begin PBXBuildFile section */
		1E00EF5827A7816D00240FCF /* AppDelegate.swift in Sources */ = {isa = PBXBuildFile; fileRef = 1E00EF5727A7816D00240FCF /* AppDelegate.swift */; };
		1E00EF5A27A7816D00240FCF /* SceneDelegate.swift in Sources */ = {isa = PBXBuildFile; fileRef = 1E00EF5927A7816D00240FCF /* SceneDelegate.swift */; };
		1E00EF5C27A7816D00240FCF /* ViewController.swift in Sources */ = {isa = PBXBuildFile; fileRef = 1E00EF5B27A7816D00240FCF /* ViewController.swift */; };
		1E00EF5F27A7816D00240FCF /* Main.storyboard in Resources */ = {isa = PBXBuildFile; fileRef = 1E00EF5D27A7816D00240FCF /* Main.storyboard */; };
		1E00EF6127A7816E00240FCF /* Assets.xcassets in Resources */ = {isa = PBXBuildFile; fileRef = 1E00EF6027A7816E00240FCF /* Assets.xcassets */; };
		1E00EF6427A7816E00240FCF /* LaunchScreen.storyboard in Resources */ = {isa = PBXBuildFile; fileRef = 1E00EF6227A7816E00240FCF /* LaunchScreen.storyboard */; };
		1E00EF6F27A7816F00240FCF /* OnBoardingViewTests.swift in Sources */ = {isa = PBXBuildFile; fileRef = 1E00EF6E27A7816F00240FCF /* OnBoardingViewTests.swift */; };
		1E00EF7927A7816F00240FCF /* OnBoardingViewUITests.swift in Sources */ = {isa = PBXBuildFile; fileRef = 1E00EF7827A7816F00240FCF /* OnBoardingViewUITests.swift */; };
		1E00EF7B27A7816F00240FCF /* OnBoardingViewUITestsLaunchTests.swift in Sources */ = {isa = PBXBuildFile; fileRef = 1E00EF7A27A7816F00240FCF /* OnBoardingViewUITestsLaunchTests.swift */; };
		1E00EF8927A7834200240FCF /* OnBoardingViewController.swift in Sources */ = {isa = PBXBuildFile; fileRef = 1E00EF8727A7834200240FCF /* OnBoardingViewController.swift */; };
		1E00EF8A27A7834200240FCF /* OnBoardingViewController.xib in Resources */ = {isa = PBXBuildFile; fileRef = 1E00EF8827A7834200240FCF /* OnBoardingViewController.xib */; };
		1E00EF8C27A7874F00240FCF /* OnBoardingPageViewController.swift in Sources */ = {isa = PBXBuildFile; fileRef = 1E00EF8B27A7874F00240FCF /* OnBoardingPageViewController.swift */; };
/* End PBXBuildFile section */

/* Begin PBXContainerItemProxy section */
		1E00EF6B27A7816F00240FCF /* PBXContainerItemProxy */ = {
			isa = PBXContainerItemProxy;
			containerPortal = 1E00EF4C27A7816D00240FCF /* Project object */;
			proxyType = 1;
			remoteGlobalIDString = 1E00EF5327A7816D00240FCF;
			remoteInfo = OnBoardingView;
		};
		1E00EF7527A7816F00240FCF /* PBXContainerItemProxy */ = {
			isa = PBXContainerItemProxy;
			containerPortal = 1E00EF4C27A7816D00240FCF /* Project object */;
			proxyType = 1;
			remoteGlobalIDString = 1E00EF5327A7816D00240FCF;
			remoteInfo = OnBoardingView;
		};
/* End PBXContainerItemProxy section */

/* Begin PBXFileReference section */
		1E00EF5427A7816D00240FCF /* OnBoardingView.app */ = {isa = PBXFileReference; explicitFileType = wrapper.application; includeInIndex = 0; path = OnBoardingView.app; sourceTree = BUILT_PRODUCTS_DIR; };
		1E00EF5727A7816D00240FCF /* AppDelegate.swift */ = {isa = PBXFileReference; lastKnownFileType = sourcecode.swift; path = AppDelegate.swift; sourceTree = "<group>"; };
		1E00EF5927A7816D00240FCF /* SceneDelegate.swift */ = {isa = PBXFileReference; lastKnownFileType = sourcecode.swift; path = SceneDelegate.swift; sourceTree = "<group>"; };
		1E00EF5B27A7816D00240FCF /* ViewController.swift */ = {isa = PBXFileReference; lastKnownFileType = sourcecode.swift; path = ViewController.swift; sourceTree = "<group>"; };
		1E00EF5E27A7816D00240FCF /* Base */ = {isa = PBXFileReference; lastKnownFileType = file.storyboard; name = Base; path = Base.lproj/Main.storyboard; sourceTree = "<group>"; };
		1E00EF6027A7816E00240FCF /* Assets.xcassets */ = {isa = PBXFileReference; lastKnownFileType = folder.assetcatalog; path = Assets.xcassets; sourceTree = "<group>"; };
		1E00EF6327A7816E00240FCF /* Base */ = {isa = PBXFileReference; lastKnownFileType = file.storyboard; name = Base; path = Base.lproj/LaunchScreen.storyboard; sourceTree = "<group>"; };
		1E00EF6527A7816E00240FCF /* Info.plist */ = {isa = PBXFileReference; lastKnownFileType = text.plist.xml; path = Info.plist; sourceTree = "<group>"; };
		1E00EF6A27A7816F00240FCF /* OnBoardingViewTests.xctest */ = {isa = PBXFileReference; explicitFileType = wrapper.cfbundle; includeInIndex = 0; path = OnBoardingViewTests.xctest; sourceTree = BUILT_PRODUCTS_DIR; };
		1E00EF6E27A7816F00240FCF /* OnBoardingViewTests.swift */ = {isa = PBXFileReference; lastKnownFileType = sourcecode.swift; path = OnBoardingViewTests.swift; sourceTree = "<group>"; };
		1E00EF7427A7816F00240FCF /* OnBoardingViewUITests.xctest */ = {isa = PBXFileReference; explicitFileType = wrapper.cfbundle; includeInIndex = 0; path = OnBoardingViewUITests.xctest; sourceTree = BUILT_PRODUCTS_DIR; };
		1E00EF7827A7816F00240FCF /* OnBoardingViewUITests.swift */ = {isa = PBXFileReference; lastKnownFileType = sourcecode.swift; path = OnBoardingViewUITests.swift; sourceTree = "<group>"; };
		1E00EF7A27A7816F00240FCF /* OnBoardingViewUITestsLaunchTests.swift */ = {isa = PBXFileReference; lastKnownFileType = sourcecode.swift; path = OnBoardingViewUITestsLaunchTests.swift; sourceTree = "<group>"; };
		1E00EF8727A7834200240FCF /* OnBoardingViewController.swift */ = {isa = PBXFileReference; lastKnownFileType = sourcecode.swift; path = OnBoardingViewController.swift; sourceTree = "<group>"; };
		1E00EF8827A7834200240FCF /* OnBoardingViewController.xib */ = {isa = PBXFileReference; lastKnownFileType = file.xib; path = OnBoardingViewController.xib; sourceTree = "<group>"; };
		1E00EF8B27A7874F00240FCF /* OnBoardingPageViewController.swift */ = {isa = PBXFileReference; lastKnownFileType = sourcecode.swift; path = OnBoardingPageViewController.swift; sourceTree = "<group>"; };
/* End PBXFileReference section */

/* Begin PBXFrameworksBuildPhase section */
		1E00EF5127A7816D00240FCF /* Frameworks */ = {
			isa = PBXFrameworksBuildPhase;
			buildActionMask = 2147483647;
			files = (
			);
			runOnlyForDeploymentPostprocessing = 0;
		};
		1E00EF6727A7816F00240FCF /* Frameworks */ = {
			isa = PBXFrameworksBuildPhase;
			buildActionMask = 2147483647;
			files = (
			);
			runOnlyForDeploymentPostprocessing = 0;
		};
		1E00EF7127A7816F00240FCF /* Frameworks */ = {
			isa = PBXFrameworksBuildPhase;
			buildActionMask = 2147483647;
			files = (
			);
			runOnlyForDeploymentPostprocessing = 0;
		};
/* End PBXFrameworksBuildPhase section */

/* Begin PBXGroup section */
		1E00EF4B27A7816D00240FCF = {
			isa = PBXGroup;
			children = (
				1E00EF5627A7816D00240FCF /* OnBoardingView */,
				1E00EF6D27A7816F00240FCF /* OnBoardingViewTests */,
				1E00EF7727A7816F00240FCF /* OnBoardingViewUITests */,
				1E00EF5527A7816D00240FCF /* Products */,
			);
			sourceTree = "<group>";
		};
		1E00EF5527A7816D00240FCF /* Products */ = {
			isa = PBXGroup;
			children = (
				1E00EF5427A7816D00240FCF /* OnBoardingView.app */,
				1E00EF6A27A7816F00240FCF /* OnBoardingViewTests.xctest */,
				1E00EF7427A7816F00240FCF /* OnBoardingViewUITests.xctest */,
			);
			name = Products;
			sourceTree = "<group>";
		};
		1E00EF5627A7816D00240FCF /* OnBoardingView */ = {
			isa = PBXGroup;
			children = (
				1E00EF5727A7816D00240FCF /* AppDelegate.swift */,
				1E00EF5927A7816D00240FCF /* SceneDelegate.swift */,
				1E00EF5B27A7816D00240FCF /* ViewController.swift */,
				1E00EF5D27A7816D00240FCF /* Main.storyboard */,
				1E00EF6027A7816E00240FCF /* Assets.xcassets */,
				1E00EF6227A7816E00240FCF /* LaunchScreen.storyboard */,
				1E00EF6527A7816E00240FCF /* Info.plist */,
				1E00EF8727A7834200240FCF /* OnBoardingViewController.swift */,
				1E00EF8827A7834200240FCF /* OnBoardingViewController.xib */,
				1E00EF8B27A7874F00240FCF /* OnBoardingPageViewController.swift */,
			);
			path = OnBoardingView;
			sourceTree = "<group>";
		};
		1E00EF6D27A7816F00240FCF /* OnBoardingViewTests */ = {
			isa = PBXGroup;
			children = (
				1E00EF6E27A7816F00240FCF /* OnBoardingViewTests.swift */,
			);
			path = OnBoardingViewTests;
			sourceTree = "<group>";
		};
		1E00EF7727A7816F00240FCF /* OnBoardingViewUITests */ = {
			isa = PBXGroup;
			children = (
				1E00EF7827A7816F00240FCF /* OnBoardingViewUITests.swift */,
				1E00EF7A27A7816F00240FCF /* OnBoardingViewUITestsLaunchTests.swift */,
			);
			path = OnBoardingViewUITests;
			sourceTree = "<group>";
		};
/* End PBXGroup section */

/* Begin PBXNativeTarget section */
		1E00EF5327A7816D00240FCF /* OnBoardingView */ = {
			isa = PBXNativeTarget;
			buildConfigurationList = 1E00EF7E27A7816F00240FCF /* Build configuration list for PBXNativeTarget "OnBoardingView" */;
			buildPhases = (
				1E00EF5027A7816D00240FCF /* Sources */,
				1E00EF5127A7816D00240FCF /* Frameworks */,
				1E00EF5227A7816D00240FCF /* Resources */,
			);
			buildRules = (
			);
			dependencies = (
			);
			name = OnBoardingView;
			productName = OnBoardingView;
			productReference = 1E00EF5427A7816D00240FCF /* OnBoardingView.app */;
			productType = "com.apple.product-type.application";
		};
		1E00EF6927A7816F00240FCF /* OnBoardingViewTests */ = {
			isa = PBXNativeTarget;
			buildConfigurationList = 1E00EF8127A7816F00240FCF /* Build configuration list for PBXNativeTarget "OnBoardingViewTests" */;
			buildPhases = (
				1E00EF6627A7816F00240FCF /* Sources */,
				1E00EF6727A7816F00240FCF /* Frameworks */,
				1E00EF6827A7816F00240FCF /* Resources */,
			);
			buildRules = (
			);
			dependencies = (
				1E00EF6C27A7816F00240FCF /* PBXTargetDependency */,
			);
			name = OnBoardingViewTests;
			productName = OnBoardingViewTests;
			productReference = 1E00EF6A27A7816F00240FCF /* OnBoardingViewTests.xctest */;
			productType = "com.apple.product-type.bundle.unit-test";
		};
		1E00EF7327A7816F00240FCF /* OnBoardingViewUITests */ = {
			isa = PBXNativeTarget;
			buildConfigurationList = 1E00EF8427A7816F00240FCF /* Build configuration list for PBXNativeTarget "OnBoardingViewUITests" */;
			buildPhases = (
				1E00EF7027A7816F00240FCF /* Sources */,
				1E00EF7127A7816F00240FCF /* Frameworks */,
				1E00EF7227A7816F00240FCF /* Resources */,
			);
			buildRules = (
			);
			dependencies = (
				1E00EF7627A7816F00240FCF /* PBXTargetDependency */,
			);
			name = OnBoardingViewUITests;
			productName = OnBoardingViewUITests;
			productReference = 1E00EF7427A7816F00240FCF /* OnBoardingViewUITests.xctest */;
			productType = "com.apple.product-type.bundle.ui-testing";
		};
/* End PBXNativeTarget section */

/* Begin PBXProject section */
		1E00EF4C27A7816D00240FCF /* Project object */ = {
			isa = PBXProject;
			attributes = {
				BuildIndependentTargetsInParallel = 1;
				LastSwiftUpdateCheck = 1310;
				LastUpgradeCheck = 1310;
				TargetAttributes = {
					1E00EF5327A7816D00240FCF = {
						CreatedOnToolsVersion = 13.1;
					};
					1E00EF6927A7816F00240FCF = {
						CreatedOnToolsVersion = 13.1;
						TestTargetID = 1E00EF5327A7816D00240FCF;
					};
					1E00EF7327A7816F00240FCF = {
						CreatedOnToolsVersion = 13.1;
						TestTargetID = 1E00EF5327A7816D00240FCF;
					};
				};
			};
			buildConfigurationList = 1E00EF4F27A7816D00240FCF /* Build configuration list for PBXProject "OnBoardingView" */;
			compatibilityVersion = "Xcode 13.0";
			developmentRegion = en;
			hasScannedForEncodings = 0;
			knownRegions = (
				en,
				Base,
			);
			mainGroup = 1E00EF4B27A7816D00240FCF;
			productRefGroup = 1E00EF5527A7816D00240FCF /* Products */;
			projectDirPath = "";
			projectRoot = "";
			targets = (
				1E00EF5327A7816D00240FCF /* OnBoardingView */,
				1E00EF6927A7816F00240FCF /* OnBoardingViewTests */,
				1E00EF7327A7816F00240FCF /* OnBoardingViewUITests */,
			);
		};
/* End PBXProject section */

/* Begin PBXResourcesBuildPhase section */
		1E00EF5227A7816D00240FCF /* Resources */ = {
			isa = PBXResourcesBuildPhase;
			buildActionMask = 2147483647;
			files = (
				1E00EF6427A7816E00240FCF /* LaunchScreen.storyboard in Resources */,
				1E00EF6127A7816E00240FCF /* Assets.xcassets in Resources */,
				1E00EF5F27A7816D00240FCF /* Main.storyboard in Resources */,
				1E00EF8A27A7834200240FCF /* OnBoardingViewController.xib in Resources */,
			);
			runOnlyForDeploymentPostprocessing = 0;
		};
		1E00EF6827A7816F00240FCF /* Resources */ = {
			isa = PBXResourcesBuildPhase;
			buildActionMask = 2147483647;
			files = (
			);
			runOnlyForDeploymentPostprocessing = 0;
		};
		1E00EF7227A7816F00240FCF /* Resources */ = {
			isa = PBXResourcesBuildPhase;
			buildActionMask = 2147483647;
			files = (
			);
			runOnlyForDeploymentPostprocessing = 0;
		};
/* End PBXResourcesBuildPhase section */

/* Begin PBXSourcesBuildPhase section */
		1E00EF5027A7816D00240FCF /* Sources */ = {
			isa = PBXSourcesBuildPhase;
			buildActionMask = 2147483647;
			files = (
				1E00EF5C27A7816D00240FCF /* ViewController.swift in Sources */,
				1E00EF5827A7816D00240FCF /* AppDelegate.swift in Sources */,
				1E00EF8C27A7874F00240FCF /* OnBoardingPageViewController.swift in Sources */,
				1E00EF5A27A7816D00240FCF /* SceneDelegate.swift in Sources */,
				1E00EF8927A7834200240FCF /* OnBoardingViewController.swift in Sources */,
			);
			runOnlyForDeploymentPostprocessing = 0;
		};
		1E00EF6627A7816F00240FCF /* Sources */ = {
			isa = PBXSourcesBuildPhase;
			buildActionMask = 2147483647;
			files = (
				1E00EF6F27A7816F00240FCF /* OnBoardingViewTests.swift in Sources */,
			);
			runOnlyForDeploymentPostprocessing = 0;
		};
		1E00EF7027A7816F00240FCF /* Sources */ = {
			isa = PBXSourcesBuildPhase;
			buildActionMask = 2147483647;
			files = (
				1E00EF7B27A7816F00240FCF /* OnBoardingViewUITestsLaunchTests.swift in Sources */,
				1E00EF7927A7816F00240FCF /* OnBoardingViewUITests.swift in Sources */,
			);
			runOnlyForDeploymentPostprocessing = 0;
		};
/* End PBXSourcesBuildPhase section */

/* Begin PBXTargetDependency section */
		1E00EF6C27A7816F00240FCF /* PBXTargetDependency */ = {
			isa = PBXTargetDependency;
			target = 1E00EF5327A7816D00240FCF /* OnBoardingView */;
			targetProxy = 1E00EF6B27A7816F00240FCF /* PBXContainerItemProxy */;
		};
		1E00EF7627A7816F00240FCF /* PBXTargetDependency */ = {
			isa = PBXTargetDependency;
			target = 1E00EF5327A7816D00240FCF /* OnBoardingView */;
			targetProxy = 1E00EF7527A7816F00240FCF /* PBXContainerItemProxy */;
		};
/* End PBXTargetDependency section */

/* Begin PBXVariantGroup section */
		1E00EF5D27A7816D00240FCF /* Main.storyboard */ = {
			isa = PBXVariantGroup;
			children = (
				1E00EF5E27A7816D00240FCF /* Base */,
			);
			name = Main.storyboard;
			sourceTree = "<group>";
		};
		1E00EF6227A7816E00240FCF /* LaunchScreen.storyboard */ = {
			isa = PBXVariantGroup;
			children = (
				1E00EF6327A7816E00240FCF /* Base */,
			);
			name = LaunchScreen.storyboard;
			sourceTree = "<group>";
		};
/* End PBXVariantGroup section */

/* Begin XCBuildConfiguration section */
		1E00EF7C27A7816F00240FCF /* Debug */ = {
			isa = XCBuildConfiguration;
			buildSettings = {
				ALWAYS_SEARCH_USER_PATHS = NO;
				CLANG_ANALYZER_NONNULL = YES;
				CLANG_ANALYZER_NUMBER_OBJECT_CONVERSION = YES_AGGRESSIVE;
				CLANG_CXX_LANGUAGE_STANDARD = "gnu++17";
				CLANG_CXX_LIBRARY = "libc++";
				CLANG_ENABLE_MODULES = YES;
				CLANG_ENABLE_OBJC_ARC = YES;
				CLANG_ENABLE_OBJC_WEAK = YES;
				CLANG_WARN_BLOCK_CAPTURE_AUTORELEASING = YES;
				CLANG_WARN_BOOL_CONVERSION = YES;
				CLANG_WARN_COMMA = YES;
				CLANG_WARN_CONSTANT_CONVERSION = YES;
				CLANG_WARN_DEPRECATED_OBJC_IMPLEMENTATIONS = YES;
				CLANG_WARN_DIRECT_OBJC_ISA_USAGE = YES_ERROR;
				CLANG_WARN_DOCUMENTATION_COMMENTS = YES;
				CLANG_WARN_EMPTY_BODY = YES;
				CLANG_WARN_ENUM_CONVERSION = YES;
				CLANG_WARN_INFINITE_RECURSION = YES;
				CLANG_WARN_INT_CONVERSION = YES;
				CLANG_WARN_NON_LITERAL_NULL_CONVERSION = YES;
				CLANG_WARN_OBJC_IMPLICIT_RETAIN_SELF = YES;
				CLANG_WARN_OBJC_LITERAL_CONVERSION = YES;
				CLANG_WARN_OBJC_ROOT_CLASS = YES_ERROR;
				CLANG_WARN_QUOTED_INCLUDE_IN_FRAMEWORK_HEADER = YES;
				CLANG_WARN_RANGE_LOOP_ANALYSIS = YES;
				CLANG_WARN_STRICT_PROTOTYPES = YES;
				CLANG_WARN_SUSPICIOUS_MOVE = YES;
				CLANG_WARN_UNGUARDED_AVAILABILITY = YES_AGGRESSIVE;
				CLANG_WARN_UNREACHABLE_CODE = YES;
				CLANG_WARN__DUPLICATE_METHOD_MATCH = YES;
				COPY_PHASE_STRIP = NO;
				DEBUG_INFORMATION_FORMAT = dwarf;
				ENABLE_STRICT_OBJC_MSGSEND = YES;
				ENABLE_TESTABILITY = YES;
				GCC_C_LANGUAGE_STANDARD = gnu11;
				GCC_DYNAMIC_NO_PIC = NO;
				GCC_NO_COMMON_BLOCKS = YES;
				GCC_OPTIMIZATION_LEVEL = 0;
				GCC_PREPROCESSOR_DEFINITIONS = (
					"DEBUG=1",
					"$(inherited)",
				);
				GCC_WARN_64_TO_32_BIT_CONVERSION = YES;
				GCC_WARN_ABOUT_RETURN_TYPE = YES_ERROR;
				GCC_WARN_UNDECLARED_SELECTOR = YES;
				GCC_WARN_UNINITIALIZED_AUTOS = YES_AGGRESSIVE;
				GCC_WARN_UNUSED_FUNCTION = YES;
				GCC_WARN_UNUSED_VARIABLE = YES;
				IPHONEOS_DEPLOYMENT_TARGET = 15.0;
				MTL_ENABLE_DEBUG_INFO = INCLUDE_SOURCE;
				MTL_FAST_MATH = YES;
				ONLY_ACTIVE_ARCH = YES;
				SDKROOT = iphoneos;
				SWIFT_ACTIVE_COMPILATION_CONDITIONS = DEBUG;
				SWIFT_OPTIMIZATION_LEVEL = "-Onone";
			};
			name = Debug;
		};
		1E00EF7D27A7816F00240FCF /* Release */ = {
			isa = XCBuildConfiguration;
			buildSettings = {
				ALWAYS_SEARCH_USER_PATHS = NO;
				CLANG_ANALYZER_NONNULL = YES;
				CLANG_ANALYZER_NUMBER_OBJECT_CONVERSION = YES_AGGRESSIVE;
				CLANG_CXX_LANGUAGE_STANDARD = "gnu++17";
				CLANG_CXX_LIBRARY = "libc++";
				CLANG_ENABLE_MODULES = YES;
				CLANG_ENABLE_OBJC_ARC = YES;
				CLANG_ENABLE_OBJC_WEAK = YES;
				CLANG_WARN_BLOCK_CAPTURE_AUTORELEASING = YES;
				CLANG_WARN_BOOL_CONVERSION = YES;
				CLANG_WARN_COMMA = YES;
				CLANG_WARN_CONSTANT_CONVERSION = YES;
				CLANG_WARN_DEPRECATED_OBJC_IMPLEMENTATIONS = YES;
				CLANG_WARN_DIRECT_OBJC_ISA_USAGE = YES_ERROR;
				CLANG_WARN_DOCUMENTATION_COMMENTS = YES;
				CLANG_WARN_EMPTY_BODY = YES;
				CLANG_WARN_ENUM_CONVERSION = YES;
				CLANG_WARN_INFINITE_RECURSION = YES;
				CLANG_WARN_INT_CONVERSION = YES;
				CLANG_WARN_NON_LITERAL_NULL_CONVERSION = YES;
				CLANG_WARN_OBJC_IMPLICIT_RETAIN_SELF = YES;
				CLANG_WARN_OBJC_LITERAL_CONVERSION = YES;
				CLANG_WARN_OBJC_ROOT_CLASS = YES_ERROR;
				CLANG_WARN_QUOTED_INCLUDE_IN_FRAMEWORK_HEADER = YES;
				CLANG_WARN_RANGE_LOOP_ANALYSIS = YES;
				CLANG_WARN_STRICT_PROTOTYPES = YES;
				CLANG_WARN_SUSPICIOUS_MOVE = YES;
				CLANG_WARN_UNGUARDED_AVAILABILITY = YES_AGGRESSIVE;
				CLANG_WARN_UNREACHABLE_CODE = YES;
				CLANG_WARN__DUPLICATE_METHOD_MATCH = YES;
				COPY_PHASE_STRIP = NO;
				DEBUG_INFORMATION_FORMAT = "dwarf-with-dsym";
				ENABLE_NS_ASSERTIONS = NO;
				ENABLE_STRICT_OBJC_MSGSEND = YES;
				GCC_C_LANGUAGE_STANDARD = gnu11;
				GCC_NO_COMMON_BLOCKS = YES;
				GCC_WARN_64_TO_32_BIT_CONVERSION = YES;
				GCC_WARN_ABOUT_RETURN_TYPE = YES_ERROR;
				GCC_WARN_UNDECLARED_SELECTOR = YES;
				GCC_WARN_UNINITIALIZED_AUTOS = YES_AGGRESSIVE;
				GCC_WARN_UNUSED_FUNCTION = YES;
				GCC_WARN_UNUSED_VARIABLE = YES;
				IPHONEOS_DEPLOYMENT_TARGET = 15.0;
				MTL_ENABLE_DEBUG_INFO = NO;
				MTL_FAST_MATH = YES;
				SDKROOT = iphoneos;
				SWIFT_COMPILATION_MODE = wholemodule;
				SWIFT_OPTIMIZATION_LEVEL = "-O";
				VALIDATE_PRODUCT = YES;
			};
			name = Release;
		};
		1E00EF7F27A7816F00240FCF /* Debug */ = {
			isa = XCBuildConfiguration;
			buildSettings = {
				ASSETCATALOG_COMPILER_APPICON_NAME = AppIcon;
				ASSETCATALOG_COMPILER_GLOBAL_ACCENT_COLOR_NAME = AccentColor;
				CODE_SIGN_STYLE = Automatic;
				CURRENT_PROJECT_VERSION = 1;
				GENERATE_INFOPLIST_FILE = YES;
				INFOPLIST_FILE = OnBoardingView/Info.plist;
				INFOPLIST_KEY_UIApplicationSupportsIndirectInputEvents = YES;
				INFOPLIST_KEY_UILaunchStoryboardName = LaunchScreen;
				INFOPLIST_KEY_UIMainStoryboardFile = Main;
				INFOPLIST_KEY_UISupportedInterfaceOrientations_iPad = "UIInterfaceOrientationPortrait UIInterfaceOrientationPortraitUpsideDown UIInterfaceOrientationLandscapeLeft UIInterfaceOrientationLandscapeRight";
				INFOPLIST_KEY_UISupportedInterfaceOrientations_iPhone = "UIInterfaceOrientationPortrait UIInterfaceOrientationLandscapeLeft UIInterfaceOrientationLandscapeRight";
				LD_RUNPATH_SEARCH_PATHS = (
					"$(inherited)",
					"@executable_path/Frameworks",
				);
				MARKETING_VERSION = 1.0;
				PRODUCT_BUNDLE_IDENTIFIER = org.techtown.OnBoardingView;
				PRODUCT_NAME = "$(TARGET_NAME)";
				SWIFT_EMIT_LOC_STRINGS = YES;
				SWIFT_VERSION = 5.0;
				TARGETED_DEVICE_FAMILY = "1,2";
			};
			name = Debug;
		};
		1E00EF8027A7816F00240FCF /* Release */ = {
			isa = XCBuildConfiguration;
			buildSettings = {
				ASSETCATALOG_COMPILER_APPICON_NAME = AppIcon;
				ASSETCATALOG_COMPILER_GLOBAL_ACCENT_COLOR_NAME = AccentColor;
				CODE_SIGN_STYLE = Automatic;
				CURRENT_PROJECT_VERSION = 1;
				GENERATE_INFOPLIST_FILE = YES;
				INFOPLIST_FILE = OnBoardingView/Info.plist;
				INFOPLIST_KEY_UIApplicationSupportsIndirectInputEvents = YES;
				INFOPLIST_KEY_UILaunchStoryboardName = LaunchScreen;
				INFOPLIST_KEY_UIMainStoryboardFile = Main;
				INFOPLIST_KEY_UISupportedInterfaceOrientations_iPad = "UIInterfaceOrientationPortrait UIInterfaceOrientationPortraitUpsideDown UIInterfaceOrientationLandscapeLeft UIInterfaceOrientationLandscapeRight";
				INFOPLIST_KEY_UISupportedInterfaceOrientations_iPhone = "UIInterfaceOrientationPortrait UIInterfaceOrientationLandscapeLeft UIInterfaceOrientationLandscapeRight";
				LD_RUNPATH_SEARCH_PATHS = (
					"$(inherited)",
					"@executable_path/Frameworks",
				);
				MARKETING_VERSION = 1.0;
				PRODUCT_BUNDLE_IDENTIFIER = org.techtown.OnBoardingView;
				PRODUCT_NAME = "$(TARGET_NAME)";
				SWIFT_EMIT_LOC_STRINGS = YES;
				SWIFT_VERSION = 5.0;
				TARGETED_DEVICE_FAMILY = "1,2";
			};
			name = Release;
		};
		1E00EF8227A7816F00240FCF /* Debug */ = {
			isa = XCBuildConfiguration;
			buildSettings = {
				ALWAYS_EMBED_SWIFT_STANDARD_LIBRARIES = YES;
				BUNDLE_LOADER = "$(TEST_HOST)";
				CODE_SIGN_STYLE = Automatic;
				CURRENT_PROJECT_VERSION = 1;
				GENERATE_INFOPLIST_FILE = YES;
				IPHONEOS_DEPLOYMENT_TARGET = 15.0;
				LD_RUNPATH_SEARCH_PATHS = (
					"$(inherited)",
					"@executable_path/Frameworks",
					"@loader_path/Frameworks",
				);
				MARKETING_VERSION = 1.0;
				PRODUCT_BUNDLE_IDENTIFIER = org.techtown.OnBoardingViewTests;
				PRODUCT_NAME = "$(TARGET_NAME)";
				SWIFT_EMIT_LOC_STRINGS = NO;
				SWIFT_VERSION = 5.0;
				TARGETED_DEVICE_FAMILY = "1,2";
				TEST_HOST = "$(BUILT_PRODUCTS_DIR)/OnBoardingView.app/OnBoardingView";
			};
			name = Debug;
		};
		1E00EF8327A7816F00240FCF /* Release */ = {
			isa = XCBuildConfiguration;
			buildSettings = {
				ALWAYS_EMBED_SWIFT_STANDARD_LIBRARIES = YES;
				BUNDLE_LOADER = "$(TEST_HOST)";
				CODE_SIGN_STYLE = Automatic;
				CURRENT_PROJECT_VERSION = 1;
				GENERATE_INFOPLIST_FILE = YES;
				IPHONEOS_DEPLOYMENT_TARGET = 15.0;
				LD_RUNPATH_SEARCH_PATHS = (
					"$(inherited)",
					"@executable_path/Frameworks",
					"@loader_path/Frameworks",
				);
				MARKETING_VERSION = 1.0;
				PRODUCT_BUNDLE_IDENTIFIER = org.techtown.OnBoardingViewTests;
				PRODUCT_NAME = "$(TARGET_NAME)";
				SWIFT_EMIT_LOC_STRINGS = NO;
				SWIFT_VERSION = 5.0;
				TARGETED_DEVICE_FAMILY = "1,2";
				TEST_HOST = "$(BUILT_PRODUCTS_DIR)/OnBoardingView.app/OnBoardingView";
			};
			name = Release;
		};
		1E00EF8527A7816F00240FCF /* Debug */ = {
			isa = XCBuildConfiguration;
			buildSettings = {
				ALWAYS_EMBED_SWIFT_STANDARD_LIBRARIES = YES;
				CODE_SIGN_STYLE = Automatic;
				CURRENT_PROJECT_VERSION = 1;
				GENERATE_INFOPLIST_FILE = YES;
				LD_RUNPATH_SEARCH_PATHS = (
					"$(inherited)",
					"@executable_path/Frameworks",
					"@loader_path/Frameworks",
				);
				MARKETING_VERSION = 1.0;
				PRODUCT_BUNDLE_IDENTIFIER = org.techtown.OnBoardingViewUITests;
				PRODUCT_NAME = "$(TARGET_NAME)";
				SWIFT_EMIT_LOC_STRINGS = NO;
				SWIFT_VERSION = 5.0;
				TARGETED_DEVICE_FAMILY = "1,2";
				TEST_TARGET_NAME = OnBoardingView;
			};
			name = Debug;
		};
		1E00EF8627A7816F00240FCF /* Release */ = {
			isa = XCBuildConfiguration;
			buildSettings = {
				ALWAYS_EMBED_SWIFT_STANDARD_LIBRARIES = YES;
				CODE_SIGN_STYLE = Automatic;
				CURRENT_PROJECT_VERSION = 1;
				GENERATE_INFOPLIST_FILE = YES;
				LD_RUNPATH_SEARCH_PATHS = (
					"$(inherited)",
					"@executable_path/Frameworks",
					"@loader_path/Frameworks",
				);
				MARKETING_VERSION = 1.0;
				PRODUCT_BUNDLE_IDENTIFIER = org.techtown.OnBoardingViewUITests;
				PRODUCT_NAME = "$(TARGET_NAME)";
				SWIFT_EMIT_LOC_STRINGS = NO;
				SWIFT_VERSION = 5.0;
				TARGETED_DEVICE_FAMILY = "1,2";
				TEST_TARGET_NAME = OnBoardingView;
			};
			name = Release;
		};
/* End XCBuildConfiguration section */

/* Begin XCConfigurationList section */
		1E00EF4F27A7816D00240FCF /* Build configuration list for PBXProject "OnBoardingView" */ = {
			isa = XCConfigurationList;
			buildConfigurations = (
				1E00EF7C27A7816F00240FCF /* Debug */,
				1E00EF7D27A7816F00240FCF /* Release */,
			);
			defaultConfigurationIsVisible = 0;
			defaultConfigurationName = Release;
		};
		1E00EF7E27A7816F00240FCF /* Build configuration list for PBXNativeTarget "OnBoardingView" */ = {
			isa = XCConfigurationList;
			buildConfigurations = (
				1E00EF7F27A7816F00240FCF /* Debug */,
				1E00EF8027A7816F00240FCF /* Release */,
			);
			defaultConfigurationIsVisible = 0;
			defaultConfigurationName = Release;
		};
		1E00EF8127A7816F00240FCF /* Build configuration list for PBXNativeTarget "OnBoardingViewTests" */ = {
			isa = XCConfigurationList;
			buildConfigurations = (
				1E00EF8227A7816F00240FCF /* Debug */,
				1E00EF8327A7816F00240FCF /* Release */,
			);
			defaultConfigurationIsVisible = 0;
			defaultConfigurationName = Release;
		};
		1E00EF8427A7816F00240FCF /* Build configuration list for PBXNativeTarget "OnBoardingViewUITests" */ = {
			isa = XCConfigurationList;
			buildConfigurations = (
				1E00EF8527A7816F00240FCF /* Debug */,
				1E00EF8627A7816F00240FCF /* Release */,
			);
			defaultConfigurationIsVisible = 0;
			defaultConfigurationName = Release;
		};
/* End XCConfigurationList section */
	};
	rootObject = 1E00EF4C27A7816D00240FCF /* Project object */;
}
